
Microsoft Visual Studio Solution File, Format Version 12.00
# Visual Studio 15
VisualStudioVersion = 15.0.28307.779
MinimumVisualStudioVersion = 10.0.40219.1
Project("{FAE04EC0-301F-11D3-BF4B-00C04F79EFBC}") = "myfirstproject", "myfirstproject\myfirstproject.csproj", "{B1C7C887-2B5F-49A9-B4AA-F8EAFC9B35DC}"
EndProject
Global
	GlobalSection(SolutionConfigurationPlatforms) = preSolution
		Debug|Any CPU = Debug|Any CPU
		Release|Any CPU = Release|Any CPU
	EndGlobalSection
	GlobalSection(ProjectConfigurationPlatforms) = postSolution
		{B1C7C887-2B5F-49A9-B4AA-F8EAFC9B35DC}.Debug|Any CPU.ActiveCfg = Debug|Any CPU
		{B1C7C887-2B5F-49A9-B4AA-F8EAFC9B35DC}.Debug|Any CPU.Build.0 = Debug|Any CPU
		{B1C7C887-2B5F-49A9-B4AA-F8EAFC9B35DC}.Release|Any CPU.ActiveCfg = Release|Any CPU
		{B1C7C887-2B5F-49A9-B4AA-F8EAFC9B35DC}.Release|Any CPU.Build.0 = Release|Any CPU
	EndGlobalSection
	GlobalSection(SolutionProperties) = preSolution
		HideSolutionNode = FALSE
	EndGlobalSection
	GlobalSection(ExtensibilityGlobals) = postSolution
		SolutionGuid = {E249A28D-F9AD-40E6-9131-13E3C4349159}
	EndGlobalSection
EndGlobal
